
Microsoft Visual Studio Solution File, Format Version 12.00
# Visual Studio 15
VisualStudioVersion = 15.0.27428.2015
MinimumVisualStudioVersion = 10.0.40219.1
Project("{FAE04EC0-301F-11D3-BF4B-00C04F79EFBC}") = "HW.Api", "HW.Api\HW.Api.csproj", "{BC356AA2-3057-466F-BF07-661DF57C9958}"
EndProject
Project("{FAE04EC0-301F-11D3-BF4B-00C04F79EFBC}") = "HelloConsoleApp", "HelloConsoleApp\HelloConsoleApp.csproj", "{99E5177D-181C-4B56-B6A4-3DEEDE14C3E8}"
EndProject
Project("{FAE04EC0-301F-11D3-BF4B-00C04F79EFBC}") = "HW.ApiTests", "HW.ApiTests\HW.ApiTests.csproj", "{6FF9CAB6-6F69-40FD-89C7-A572AD2ECF96}"
EndProject
Global
	GlobalSection(SolutionConfigurationPlatforms) = preSolution
		Debug|Any CPU = Debug|Any CPU
		Release|Any CPU = Release|Any CPU
	EndGlobalSection
	GlobalSection(ProjectConfigurationPlatforms) = postSolution
		{BC356AA2-3057-466F-BF07-661DF57C9958}.Debug|Any CPU.ActiveCfg = Debug|Any CPU
		{BC356AA2-3057-466F-BF07-661DF57C9958}.Debug|Any CPU.Build.0 = Debug|Any CPU
		{BC356AA2-3057-466F-BF07-661DF57C9958}.Release|Any CPU.ActiveCfg = Release|Any CPU
		{BC356AA2-3057-466F-BF07-661DF57C9958}.Release|Any CPU.Build.0 = Release|Any CPU
		{99E5177D-181C-4B56-B6A4-3DEEDE14C3E8}.Debug|Any CPU.ActiveCfg = Debug|Any CPU
		{99E5177D-181C-4B56-B6A4-3DEEDE14C3E8}.Debug|Any CPU.Build.0 = Debug|Any CPU
		{99E5177D-181C-4B56-B6A4-3DEEDE14C3E8}.Release|Any CPU.ActiveCfg = Release|Any CPU
		{99E5177D-181C-4B56-B6A4-3DEEDE14C3E8}.Release|Any CPU.Build.0 = Release|Any CPU
		{6FF9CAB6-6F69-40FD-89C7-A572AD2ECF96}.Debug|Any CPU.ActiveCfg = Debug|Any CPU
		{6FF9CAB6-6F69-40FD-89C7-A572AD2ECF96}.Debug|Any CPU.Build.0 = Debug|Any CPU
		{6FF9CAB6-6F69-40FD-89C7-A572AD2ECF96}.Release|Any CPU.ActiveCfg = Release|Any CPU
		{6FF9CAB6-6F69-40FD-89C7-A572AD2ECF96}.Release|Any CPU.Build.0 = Release|Any CPU
	EndGlobalSection
	GlobalSection(SolutionProperties) = preSolution
		HideSolutionNode = FALSE
	EndGlobalSection
	GlobalSection(ExtensibilityGlobals) = postSolution
		SolutionGuid = {CC979A17-7C99-4363-91EC-EDF149DC7D96}
	EndGlobalSection
EndGlobal
